
Microsoft Visual Studio Solution File, Format Version 12.00
# Visual Studio Version 16
VisualStudioVersion = 16.0.29728.190
MinimumVisualStudioVersion = 10.0.40219.1
Project("{FAE04EC0-301F-11D3-BF4B-00C04F79EFBC}") = "EmpyrionAPITools", "EmpyrionAPITools\EmpyrionAPITools.csproj", "{D1C387FF-FFFE-4B64-AD9E-571BA7B87AB8}"
EndProject
Project("{FAE04EC0-301F-11D3-BF4B-00C04F79EFBC}") = "EmpyrionAPIDefinitions", "EmpyrionAPIDefinitions\EmpyrionAPIDefinitions.csproj", "{B46DEA32-DACA-4633-95FD-A20D45A3E77A}"
EndProject
Project("{FAE04EC0-301F-11D3-BF4B-00C04F79EFBC}") = "ExampleMod", "ExampleMod\ExampleMod.csproj", "{5117A2B6-DDD0-4247-A73D-C6083A2AF308}"
EndProject
Project("{9A19103F-16F7-4668-BE54-9A1E7A4F7556}") = "APIToolsTests", "APIToolsTests\APIToolsTests.csproj", "{6340A5A4-0317-42ED-A336-0586C2103438}"
EndProject
Project("{888888A0-9F3D-457C-B088-3A5042F75D52}") = "BuildAssistant", "BuildAssistant\BuildAssistant.pyproj", "{50BFF38E-2817-418D-803F-3ADCE16D2A7A}"
EndProject
Global
	GlobalSection(SolutionConfigurationPlatforms) = preSolution
		Debug|Any CPU = Debug|Any CPU
		Release|Any CPU = Release|Any CPU
	EndGlobalSection
	GlobalSection(ProjectConfigurationPlatforms) = postSolution
		{D1C387FF-FFFE-4B64-AD9E-571BA7B87AB8}.Debug|Any CPU.ActiveCfg = Debug|Any CPU
		{D1C387FF-FFFE-4B64-AD9E-571BA7B87AB8}.Debug|Any CPU.Build.0 = Debug|Any CPU
		{D1C387FF-FFFE-4B64-AD9E-571BA7B87AB8}.Release|Any CPU.ActiveCfg = Release|Any CPU
		{D1C387FF-FFFE-4B64-AD9E-571BA7B87AB8}.Release|Any CPU.Build.0 = Release|Any CPU
		{B46DEA32-DACA-4633-95FD-A20D45A3E77A}.Debug|Any CPU.ActiveCfg = Debug|Any CPU
		{B46DEA32-DACA-4633-95FD-A20D45A3E77A}.Debug|Any CPU.Build.0 = Debug|Any CPU
		{B46DEA32-DACA-4633-95FD-A20D45A3E77A}.Release|Any CPU.ActiveCfg = Release|Any CPU
		{B46DEA32-DACA-4633-95FD-A20D45A3E77A}.Release|Any CPU.Build.0 = Release|Any CPU
		{5117A2B6-DDD0-4247-A73D-C6083A2AF308}.Debug|Any CPU.ActiveCfg = Debug|Any CPU
		{5117A2B6-DDD0-4247-A73D-C6083A2AF308}.Debug|Any CPU.Build.0 = Debug|Any CPU
		{5117A2B6-DDD0-4247-A73D-C6083A2AF308}.Release|Any CPU.ActiveCfg = Release|Any CPU
		{5117A2B6-DDD0-4247-A73D-C6083A2AF308}.Release|Any CPU.Build.0 = Release|Any CPU
		{6340A5A4-0317-42ED-A336-0586C2103438}.Debug|Any CPU.ActiveCfg = Debug|Any CPU
		{6340A5A4-0317-42ED-A336-0586C2103438}.Debug|Any CPU.Build.0 = Debug|Any CPU
		{6340A5A4-0317-42ED-A336-0586C2103438}.Release|Any CPU.ActiveCfg = Release|Any CPU
		{6340A5A4-0317-42ED-A336-0586C2103438}.Release|Any CPU.Build.0 = Release|Any CPU
		{50BFF38E-2817-418D-803F-3ADCE16D2A7A}.Debug|Any CPU.ActiveCfg = Debug|Any CPU
		{50BFF38E-2817-418D-803F-3ADCE16D2A7A}.Release|Any CPU.ActiveCfg = Release|Any CPU
	EndGlobalSection
	GlobalSection(SolutionProperties) = preSolution
		HideSolutionNode = FALSE
	EndGlobalSection
	GlobalSection(ExtensibilityGlobals) = postSolution
		SolutionGuid = {9DEC7A23-9CF5-405B-B6C8-DF97B8EE73C7}
	EndGlobalSection
EndGlobal
